// !$*UTF8*$!
{
	archiveVersion = 1;
	classes = {
	};
	objectVersion = 56;
	objects = {

/* Begin PBXBuildFile section */
		E237DF4B29F97C0200E467FC /* DrinkDetailViewController.swift in Sources */ = {isa = PBXBuildFile; fileRef = E237DF4A29F97C0200E467FC /* DrinkDetailViewController.swift */; };
		E237DF4D29F97E9500E467FC /* DrinkDetail.swift in Sources */ = {isa = PBXBuildFile; fileRef = E237DF4C29F97E9500E467FC /* DrinkDetail.swift */; };
		E2CC7AA129F8313B000C40FB /* AppDelegate.swift in Sources */ = {isa = PBXBuildFile; fileRef = E2CC7AA029F8313B000C40FB /* AppDelegate.swift */; };
		E2CC7AA329F8313B000C40FB /* SceneDelegate.swift in Sources */ = {isa = PBXBuildFile; fileRef = E2CC7AA229F8313B000C40FB /* SceneDelegate.swift */; };
		E2CC7AA829F8313B000C40FB /* Main.storyboard in Resources */ = {isa = PBXBuildFile; fileRef = E2CC7AA629F8313B000C40FB /* Main.storyboard */; };
		E2CC7AAA29F8313B000C40FB /* Assets.xcassets in Resources */ = {isa = PBXBuildFile; fileRef = E2CC7AA929F8313B000C40FB /* Assets.xcassets */; };
		E2CC7AAD29F8313B000C40FB /* LaunchScreen.storyboard in Resources */ = {isa = PBXBuildFile; fileRef = E2CC7AAB29F8313B000C40FB /* LaunchScreen.storyboard */; };
		E2CC7AB529F839FB000C40FB /* DrinksResponse.swift in Sources */ = {isa = PBXBuildFile; fileRef = E2CC7AB429F839FB000C40FB /* DrinksResponse.swift */; };
		E2CC7AB729F83CAC000C40FB /* DrinksListTableViewController.swift in Sources */ = {isa = PBXBuildFile; fileRef = E2CC7AB629F83CAC000C40FB /* DrinksListTableViewController.swift */; };
		E2CC7AB929F83D98000C40FB /* DrinksListTableViewCell.swift in Sources */ = {isa = PBXBuildFile; fileRef = E2CC7AB829F83D98000C40FB /* DrinksListTableViewCell.swift */; };
		E2D7ACDE29F851D000BE8DE8 /* Kingfisher in Frameworks */ = {isa = PBXBuildFile; productRef = E2D7ACDD29F851D000BE8DE8 /* Kingfisher */; };
/* End PBXBuildFile section */

/* Begin PBXFileReference section */
		E237DF4A29F97C0200E467FC /* DrinkDetailViewController.swift */ = {isa = PBXFileReference; lastKnownFileType = sourcecode.swift; path = DrinkDetailViewController.swift; sourceTree = "<group>"; };
		E237DF4C29F97E9500E467FC /* DrinkDetail.swift */ = {isa = PBXFileReference; lastKnownFileType = sourcecode.swift; path = DrinkDetail.swift; sourceTree = "<group>"; };
		E2CC7A9D29F8313B000C40FB /* Kebuke.app */ = {isa = PBXFileReference; explicitFileType = wrapper.application; includeInIndex = 0; path = Kebuke.app; sourceTree = BUILT_PRODUCTS_DIR; };
		E2CC7AA029F8313B000C40FB /* AppDelegate.swift */ = {isa = PBXFileReference; lastKnownFileType = sourcecode.swift; path = AppDelegate.swift; sourceTree = "<group>"; };
		E2CC7AA229F8313B000C40FB /* SceneDelegate.swift */ = {isa = PBXFileReference; lastKnownFileType = sourcecode.swift; path = SceneDelegate.swift; sourceTree = "<group>"; };
		E2CC7AA729F8313B000C40FB /* Base */ = {isa = PBXFileReference; lastKnownFileType = file.storyboard; name = Base; path = Base.lproj/Main.storyboard; sourceTree = "<group>"; };
		E2CC7AA929F8313B000C40FB /* Assets.xcassets */ = {isa = PBXFileReference; lastKnownFileType = folder.assetcatalog; path = Assets.xcassets; sourceTree = "<group>"; };
		E2CC7AAC29F8313B000C40FB /* Base */ = {isa = PBXFileReference; lastKnownFileType = file.storyboard; name = Base; path = Base.lproj/LaunchScreen.storyboard; sourceTree = "<group>"; };
		E2CC7AAE29F8313B000C40FB /* Info.plist */ = {isa = PBXFileReference; lastKnownFileType = text.plist.xml; path = Info.plist; sourceTree = "<group>"; };
		E2CC7AB429F839FB000C40FB /* DrinksResponse.swift */ = {isa = PBXFileReference; lastKnownFileType = sourcecode.swift; path = DrinksResponse.swift; sourceTree = "<group>"; };
		E2CC7AB629F83CAC000C40FB /* DrinksListTableViewController.swift */ = {isa = PBXFileReference; lastKnownFileType = sourcecode.swift; path = DrinksListTableViewController.swift; sourceTree = "<group>"; };
		E2CC7AB829F83D98000C40FB /* DrinksListTableViewCell.swift */ = {isa = PBXFileReference; lastKnownFileType = sourcecode.swift; path = DrinksListTableViewCell.swift; sourceTree = "<group>"; };
/* End PBXFileReference section */

/* Begin PBXFrameworksBuildPhase section */
		E2CC7A9A29F8313B000C40FB /* Frameworks */ = {
			isa = PBXFrameworksBuildPhase;
			buildActionMask = 2147483647;
			files = (
				E2D7ACDE29F851D000BE8DE8 /* Kingfisher in Frameworks */,
			);
			runOnlyForDeploymentPostprocessing = 0;
		};
/* End PBXFrameworksBuildPhase section */

/* Begin PBXGroup section */
		E2CC7A9429F8313B000C40FB = {
			isa = PBXGroup;
			children = (
				E2CC7A9F29F8313B000C40FB /* Kebuke */,
				E2CC7A9E29F8313B000C40FB /* Products */,
			);
			sourceTree = "<group>";
		};
		E2CC7A9E29F8313B000C40FB /* Products */ = {
			isa = PBXGroup;
			children = (
				E2CC7A9D29F8313B000C40FB /* Kebuke.app */,
			);
			name = Products;
			sourceTree = "<group>";
		};
		E2CC7A9F29F8313B000C40FB /* Kebuke */ = {
			isa = PBXGroup;
			children = (
				E2CC7AA029F8313B000C40FB /* AppDelegate.swift */,
				E2CC7AA229F8313B000C40FB /* SceneDelegate.swift */,
				E2CC7AA629F8313B000C40FB /* Main.storyboard */,
				E237DF4C29F97E9500E467FC /* DrinkDetail.swift */,
				E237DF4A29F97C0200E467FC /* DrinkDetailViewController.swift */,
				E2CC7AB829F83D98000C40FB /* DrinksListTableViewCell.swift */,
				E2CC7AB629F83CAC000C40FB /* DrinksListTableViewController.swift */,
				E2CC7AB429F839FB000C40FB /* DrinksResponse.swift */,
				E2CC7AA929F8313B000C40FB /* Assets.xcassets */,
				E2CC7AAB29F8313B000C40FB /* LaunchScreen.storyboard */,
				E2CC7AAE29F8313B000C40FB /* Info.plist */,
			);
			path = Kebuke;
			sourceTree = "<group>";
		};
/* End PBXGroup section */

/* Begin PBXNativeTarget section */
		E2CC7A9C29F8313B000C40FB /* Kebuke */ = {
			isa = PBXNativeTarget;
			buildConfigurationList = E2CC7AB129F8313B000C40FB /* Build configuration list for PBXNativeTarget "Kebuke" */;
			buildPhases = (
				E2CC7A9929F8313B000C40FB /* Sources */,
				E2CC7A9A29F8313B000C40FB /* Frameworks */,
				E2CC7A9B29F8313B000C40FB /* Resources */,
			);
			buildRules = (
			);
			dependencies = (
			);
			name = Kebuke;
			packageProductDependencies = (
				E2D7ACDD29F851D000BE8DE8 /* Kingfisher */,
			);
			productName = Kebuke;
			productReference = E2CC7A9D29F8313B000C40FB /* Kebuke.app */;
			productType = "com.apple.product-type.application";
		};
/* End PBXNativeTarget section */

/* Begin PBXProject section */
		E2CC7A9529F8313B000C40FB /* Project object */ = {
			isa = PBXProject;
			attributes = {
				BuildIndependentTargetsInParallel = 1;
				LastSwiftUpdateCheck = 1430;
				LastUpgradeCheck = 1430;
				TargetAttributes = {
					E2CC7A9C29F8313B000C40FB = {
						CreatedOnToolsVersion = 14.3;
					};
				};
			};
			buildConfigurationList = E2CC7A9829F8313B000C40FB /* Build configuration list for PBXProject "Kebuke" */;
			compatibilityVersion = "Xcode 14.0";
			developmentRegion = en;
			hasScannedForEncodings = 0;
			knownRegions = (
				en,
				Base,
			);
			mainGroup = E2CC7A9429F8313B000C40FB;
			packageReferences = (
				E2D7ACDC29F851D000BE8DE8 /* XCRemoteSwiftPackageReference "Kingfisher" */,
			);
			productRefGroup = E2CC7A9E29F8313B000C40FB /* Products */;
			projectDirPath = "";
			projectRoot = "";
			targets = (
				E2CC7A9C29F8313B000C40FB /* Kebuke */,
			);
		};
/* End PBXProject section */

/* Begin PBXResourcesBuildPhase section */
		E2CC7A9B29F8313B000C40FB /* Resources */ = {
			isa = PBXResourcesBuildPhase;
			buildActionMask = 2147483647;
			files = (
				E2CC7AAD29F8313B000C40FB /* LaunchScreen.storyboard in Resources */,
				E2CC7AAA29F8313B000C40FB /* Assets.xcassets in Resources */,
				E2CC7AA829F8313B000C40FB /* Main.storyboard in Resources */,
			);
			runOnlyForDeploymentPostprocessing = 0;
		};
/* End PBXResourcesBuildPhase section */

/* Begin PBXSourcesBuildPhase section */
		E2CC7A9929F8313B000C40FB /* Sources */ = {
			isa = PBXSourcesBuildPhase;
			buildActionMask = 2147483647;
			files = (
				E2CC7AB729F83CAC000C40FB /* DrinksListTableViewController.swift in Sources */,
				E2CC7AB529F839FB000C40FB /* DrinksResponse.swift in Sources */,
				E237DF4B29F97C0200E467FC /* DrinkDetailViewController.swift in Sources */,
				E2CC7AA129F8313B000C40FB /* AppDelegate.swift in Sources */,
				E237DF4D29F97E9500E467FC /* DrinkDetail.swift in Sources */,
				E2CC7AA329F8313B000C40FB /* SceneDelegate.swift in Sources */,
				E2CC7AB929F83D98000C40FB /* DrinksListTableViewCell.swift in Sources */,
			);
			runOnlyForDeploymentPostprocessing = 0;
		};
/* End PBXSourcesBuildPhase section */

/* Begin PBXVariantGroup section */
		E2CC7AA629F8313B000C40FB /* Main.storyboard */ = {
			isa = PBXVariantGroup;
			children = (
				E2CC7AA729F8313B000C40FB /* Base */,
			);
			name = Main.storyboard;
			sourceTree = "<group>";
		};
		E2CC7AAB29F8313B000C40FB /* LaunchScreen.storyboard */ = {
			isa = PBXVariantGroup;
			children = (
				E2CC7AAC29F8313B000C40FB /* Base */,
			);
			name = LaunchScreen.storyboard;
			sourceTree = "<group>";
		};
/* End PBXVariantGroup section */

/* Begin XCBuildConfiguration section */
		E2CC7AAF29F8313B000C40FB /* Debug */ = {
			isa = XCBuildConfiguration;
			buildSettings = {
				ALWAYS_SEARCH_USER_PATHS = NO;
				CLANG_ANALYZER_NONNULL = YES;
				CLANG_ANALYZER_NUMBER_OBJECT_CONVERSION = YES_AGGRESSIVE;
				CLANG_CXX_LANGUAGE_STANDARD = "gnu++20";
				CLANG_ENABLE_MODULES = YES;
				CLANG_ENABLE_OBJC_ARC = YES;
				CLANG_ENABLE_OBJC_WEAK = YES;
				CLANG_WARN_BLOCK_CAPTURE_AUTORELEASING = YES;
				CLANG_WARN_BOOL_CONVERSION = YES;
				CLANG_WARN_COMMA = YES;
				CLANG_WARN_CONSTANT_CONVERSION = YES;
				CLANG_WARN_DEPRECATED_OBJC_IMPLEMENTATIONS = YES;
				CLANG_WARN_DIRECT_OBJC_ISA_USAGE = YES_ERROR;
				CLANG_WARN_DOCUMENTATION_COMMENTS = YES;
				CLANG_WARN_EMPTY_BODY = YES;
				CLANG_WARN_ENUM_CONVERSION = YES;
				CLANG_WARN_INFINITE_RECURSION = YES;
				CLANG_WARN_INT_CONVERSION = YES;
				CLANG_WARN_NON_LITERAL_NULL_CONVERSION = YES;
				CLANG_WARN_OBJC_IMPLICIT_RETAIN_SELF = YES;
				CLANG_WARN_OBJC_LITERAL_CONVERSION = YES;
				CLANG_WARN_OBJC_ROOT_CLASS = YES_ERROR;
				CLANG_WARN_QUOTED_INCLUDE_IN_FRAMEWORK_HEADER = YES;
				CLANG_WARN_RANGE_LOOP_ANALYSIS = YES;
				CLANG_WARN_STRICT_PROTOTYPES = YES;
				CLANG_WARN_SUSPICIOUS_MOVE = YES;
				CLANG_WARN_UNGUARDED_AVAILABILITY = YES_AGGRESSIVE;
				CLANG_WARN_UNREACHABLE_CODE = YES;
				CLANG_WARN__DUPLICATE_METHOD_MATCH = YES;
				COPY_PHASE_STRIP = NO;
				DEBUG_INFORMATION_FORMAT = dwarf;
				ENABLE_STRICT_OBJC_MSGSEND = YES;
				ENABLE_TESTABILITY = YES;
				GCC_C_LANGUAGE_STANDARD = gnu11;
				GCC_DYNAMIC_NO_PIC = NO;
				GCC_NO_COMMON_BLOCKS = YES;
				GCC_OPTIMIZATION_LEVEL = 0;
				GCC_PREPROCESSOR_DEFINITIONS = (
					"DEBUG=1",
					"$(inherited)",
				);
				GCC_WARN_64_TO_32_BIT_CONVERSION = YES;
				GCC_WARN_ABOUT_RETURN_TYPE = YES_ERROR;
				GCC_WARN_UNDECLARED_SELECTOR = YES;
				GCC_WARN_UNINITIALIZED_AUTOS = YES_AGGRESSIVE;
				GCC_WARN_UNUSED_FUNCTION = YES;
				GCC_WARN_UNUSED_VARIABLE = YES;
				IPHONEOS_DEPLOYMENT_TARGET = 16.4;
				MTL_ENABLE_DEBUG_INFO = INCLUDE_SOURCE;
				MTL_FAST_MATH = YES;
				ONLY_ACTIVE_ARCH = YES;
				SDKROOT = iphoneos;
				SWIFT_ACTIVE_COMPILATION_CONDITIONS = DEBUG;
				SWIFT_OPTIMIZATION_LEVEL = "-Onone";
			};
			name = Debug;
		};
		E2CC7AB029F8313B000C40FB /* Release */ = {
			isa = XCBuildConfiguration;
			buildSettings = {
				ALWAYS_SEARCH_USER_PATHS = NO;
				CLANG_ANALYZER_NONNULL = YES;
				CLANG_ANALYZER_NUMBER_OBJECT_CONVERSION = YES_AGGRESSIVE;
				CLANG_CXX_LANGUAGE_STANDARD = "gnu++20";
				CLANG_ENABLE_MODULES = YES;
				CLANG_ENABLE_OBJC_ARC = YES;
				CLANG_ENABLE_OBJC_WEAK = YES;
				CLANG_WARN_BLOCK_CAPTURE_AUTORELEASING = YES;
				CLANG_WARN_BOOL_CONVERSION = YES;
				CLANG_WARN_COMMA = YES;
				CLANG_WARN_CONSTANT_CONVERSION = YES;
				CLANG_WARN_DEPRECATED_OBJC_IMPLEMENTATIONS = YES;
				CLANG_WARN_DIRECT_OBJC_ISA_USAGE = YES_ERROR;
				CLANG_WARN_DOCUMENTATION_COMMENTS = YES;
				CLANG_WARN_EMPTY_BODY = YES;
				CLANG_WARN_ENUM_CONVERSION = YES;
				CLANG_WARN_INFINITE_RECURSION = YES;
				CLANG_WARN_INT_CONVERSION = YES;
				CLANG_WARN_NON_LITERAL_NULL_CONVERSION = YES;
				CLANG_WARN_OBJC_IMPLICIT_RETAIN_SELF = YES;
				CLANG_WARN_OBJC_LITERAL_CONVERSION = YES;
				CLANG_WARN_OBJC_ROOT_CLASS = YES_ERROR;
				CLANG_WARN_QUOTED_INCLUDE_IN_FRAMEWORK_HEADER = YES;
				CLANG_WARN_RANGE_LOOP_ANALYSIS = YES;
				CLANG_WARN_STRICT_PROTOTYPES = YES;
				CLANG_WARN_SUSPICIOUS_MOVE = YES;
				CLANG_WARN_UNGUARDED_AVAILABILITY = YES_AGGRESSIVE;
				CLANG_WARN_UNREACHABLE_CODE = YES;
				CLANG_WARN__DUPLICATE_METHOD_MATCH = YES;
				COPY_PHASE_STRIP = NO;
				DEBUG_INFORMATION_FORMAT = "dwarf-with-dsym";
				ENABLE_NS_ASSERTIONS = NO;
				ENABLE_STRICT_OBJC_MSGSEND = YES;
				GCC_C_LANGUAGE_STANDARD = gnu11;
				GCC_NO_COMMON_BLOCKS = YES;
				GCC_WARN_64_TO_32_BIT_CONVERSION = YES;
				GCC_WARN_ABOUT_RETURN_TYPE = YES_ERROR;
				GCC_WARN_UNDECLARED_SELECTOR = YES;
				GCC_WARN_UNINITIALIZED_AUTOS = YES_AGGRESSIVE;
				GCC_WARN_UNUSED_FUNCTION = YES;
				GCC_WARN_UNUSED_VARIABLE = YES;
				IPHONEOS_DEPLOYMENT_TARGET = 16.4;
				MTL_ENABLE_DEBUG_INFO = NO;
				MTL_FAST_MATH = YES;
				SDKROOT = iphoneos;
				SWIFT_COMPILATION_MODE = wholemodule;
				SWIFT_OPTIMIZATION_LEVEL = "-O";
				VALIDATE_PRODUCT = YES;
			};
			name = Release;
		};
		E2CC7AB229F8313B000C40FB /* Debug */ = {
			isa = XCBuildConfiguration;
			buildSettings = {
				ASSETCATALOG_COMPILER_APPICON_NAME = AppIcon;
				ASSETCATALOG_COMPILER_GLOBAL_ACCENT_COLOR_NAME = AccentColor;
				CODE_SIGN_STYLE = Automatic;
				CURRENT_PROJECT_VERSION = 1;
				DEVELOPMENT_TEAM = M75PR4HVC4;
				GENERATE_INFOPLIST_FILE = YES;
				INFOPLIST_FILE = Kebuke/Info.plist;
				INFOPLIST_KEY_UIApplicationSupportsIndirectInputEvents = YES;
				INFOPLIST_KEY_UILaunchStoryboardName = LaunchScreen;
				INFOPLIST_KEY_UIMainStoryboardFile = Main;
				INFOPLIST_KEY_UISupportedInterfaceOrientations_iPad = "UIInterfaceOrientationPortrait UIInterfaceOrientationPortraitUpsideDown UIInterfaceOrientationLandscapeLeft UIInterfaceOrientationLandscapeRight";
				INFOPLIST_KEY_UISupportedInterfaceOrientations_iPhone = "UIInterfaceOrientationPortrait UIInterfaceOrientationLandscapeLeft UIInterfaceOrientationLandscapeRight";
				LD_RUNPATH_SEARCH_PATHS = (
					"$(inherited)",
					"@executable_path/Frameworks",
				);
				MARKETING_VERSION = 1.0;
				PRODUCT_BUNDLE_IDENTIFIER = com.kevin.tvc.Kebuke;
				PRODUCT_NAME = "$(TARGET_NAME)";
				SWIFT_EMIT_LOC_STRINGS = YES;
				SWIFT_VERSION = 5.0;
				TARGETED_DEVICE_FAMILY = "1,2";
			};
			name = Debug;
		};
		E2CC7AB329F8313B000C40FB /* Release */ = {
			isa = XCBuildConfiguration;
			buildSettings = {
				ASSETCATALOG_COMPILER_APPICON_NAME = AppIcon;
				ASSETCATALOG_COMPILER_GLOBAL_ACCENT_COLOR_NAME = AccentColor;
				CODE_SIGN_STYLE = Automatic;
				CURRENT_PROJECT_VERSION = 1;
				DEVELOPMENT_TEAM = M75PR4HVC4;
				GENERATE_INFOPLIST_FILE = YES;
				INFOPLIST_FILE = Kebuke/Info.plist;
				INFOPLIST_KEY_UIApplicationSupportsIndirectInputEvents = YES;
				INFOPLIST_KEY_UILaunchStoryboardName = LaunchScreen;
				INFOPLIST_KEY_UIMainStoryboardFile = Main;
				INFOPLIST_KEY_UISupportedInterfaceOrientations_iPad = "UIInterfaceOrientationPortrait UIInterfaceOrientationPortraitUpsideDown UIInterfaceOrientationLandscapeLeft UIInterfaceOrientationLandscapeRight";
				INFOPLIST_KEY_UISupportedInterfaceOrientations_iPhone = "UIInterfaceOrientationPortrait UIInterfaceOrientationLandscapeLeft UIInterfaceOrientationLandscapeRight";
				LD_RUNPATH_SEARCH_PATHS = (
					"$(inherited)",
					"@executable_path/Frameworks",
				);
				MARKETING_VERSION = 1.0;
				PRODUCT_BUNDLE_IDENTIFIER = com.kevin.tvc.Kebuke;
				PRODUCT_NAME = "$(TARGET_NAME)";
				SWIFT_EMIT_LOC_STRINGS = YES;
				SWIFT_VERSION = 5.0;
				TARGETED_DEVICE_FAMILY = "1,2";
			};
			name = Release;
		};
/* End XCBuildConfiguration section */

/* Begin XCConfigurationList section */
		E2CC7A9829F8313B000C40FB /* Build configuration list for PBXProject "Kebuke" */ = {
			isa = XCConfigurationList;
			buildConfigurations = (
				E2CC7AAF29F8313B000C40FB /* Debug */,
				E2CC7AB029F8313B000C40FB /* Release */,
			);
			defaultConfigurationIsVisible = 0;
			defaultConfigurationName = Release;
		};
		E2CC7AB129F8313B000C40FB /* Build configuration list for PBXNativeTarget "Kebuke" */ = {
			isa = XCConfigurationList;
			buildConfigurations = (
				E2CC7AB229F8313B000C40FB /* Debug */,
				E2CC7AB329F8313B000C40FB /* Release */,
			);
			defaultConfigurationIsVisible = 0;
			defaultConfigurationName = Release;
		};
/* End XCConfigurationList section */

/* Begin XCRemoteSwiftPackageReference section */
		E2D7ACDC29F851D000BE8DE8 /* XCRemoteSwiftPackageReference "Kingfisher" */ = {
			isa = XCRemoteSwiftPackageReference;
			repositoryURL = "https://github.com/onevcat/Kingfisher";
			requirement = {
				kind = upToNextMajorVersion;
				minimumVersion = 7.0.0;
			};
		};
/* End XCRemoteSwiftPackageReference section */

/* Begin XCSwiftPackageProductDependency section */
		E2D7ACDD29F851D000BE8DE8 /* Kingfisher */ = {
			isa = XCSwiftPackageProductDependency;
			package = E2D7ACDC29F851D000BE8DE8 /* XCRemoteSwiftPackageReference "Kingfisher" */;
			productName = Kingfisher;
		};
/* End XCSwiftPackageProductDependency section */
	};
	rootObject = E2CC7A9529F8313B000C40FB /* Project object */;
}
